// !$*UTF8*$!
{
	archiveVersion = 1;
	classes = {
	};
	objectVersion = 56;
	objects = {

/* Begin PBXBuildFile section */
		581551452C8CB79800626B3A /* chucheriasApp.swift in Sources */ = {isa = PBXBuildFile; fileRef = 581551442C8CB79800626B3A /* chucheriasApp.swift */; };
		581551472C8CB79800626B3A /* ContentView.swift in Sources */ = {isa = PBXBuildFile; fileRef = 581551462C8CB79800626B3A /* ContentView.swift */; };
		581551492C8CB79D00626B3A /* Assets.xcassets in Resources */ = {isa = PBXBuildFile; fileRef = 581551482C8CB79D00626B3A /* Assets.xcassets */; };
		5815514C2C8CB79D00626B3A /* Preview Assets.xcassets in Resources */ = {isa = PBXBuildFile; fileRef = 5815514B2C8CB79D00626B3A /* Preview Assets.xcassets */; };
		581551562C8CB79E00626B3A /* chucheriasTests.swift in Sources */ = {isa = PBXBuildFile; fileRef = 581551552C8CB79E00626B3A /* chucheriasTests.swift */; };
		581551602C8CB79E00626B3A /* chucheriasUITests.swift in Sources */ = {isa = PBXBuildFile; fileRef = 5815515F2C8CB79E00626B3A /* chucheriasUITests.swift */; };
		581551622C8CB79E00626B3A /* chucheriasUITestsLaunchTests.swift in Sources */ = {isa = PBXBuildFile; fileRef = 581551612C8CB79E00626B3A /* chucheriasUITestsLaunchTests.swift */; };
		581551732C8CBDB800626B3A /* Home.swift in Sources */ = {isa = PBXBuildFile; fileRef = 581551722C8CBDB800626B3A /* Home.swift */; };
		581551762C8CC0FF00626B3A /* CategoryModel.swift in Sources */ = {isa = PBXBuildFile; fileRef = 581551752C8CC0FF00626B3A /* CategoryModel.swift */; };
		581551782C8CCDE600626B3A /* ProductModel.swift in Sources */ = {isa = PBXBuildFile; fileRef = 581551772C8CCDE600626B3A /* ProductModel.swift */; };
/* End PBXBuildFile section */

/* Begin PBXContainerItemProxy section */
		581551522C8CB79E00626B3A /* PBXContainerItemProxy */ = {
			isa = PBXContainerItemProxy;
			containerPortal = 581551392C8CB79800626B3A /* Project object */;
			proxyType = 1;
			remoteGlobalIDString = 581551402C8CB79800626B3A;
			remoteInfo = chucherias;
		};
		5815515C2C8CB79E00626B3A /* PBXContainerItemProxy */ = {
			isa = PBXContainerItemProxy;
			containerPortal = 581551392C8CB79800626B3A /* Project object */;
			proxyType = 1;
			remoteGlobalIDString = 581551402C8CB79800626B3A;
			remoteInfo = chucherias;
		};
/* End PBXContainerItemProxy section */

/* Begin PBXFileReference section */
		581551412C8CB79800626B3A /* chucherias.app */ = {isa = PBXFileReference; explicitFileType = wrapper.application; includeInIndex = 0; path = chucherias.app; sourceTree = BUILT_PRODUCTS_DIR; };
		581551442C8CB79800626B3A /* chucheriasApp.swift */ = {isa = PBXFileReference; lastKnownFileType = sourcecode.swift; path = chucheriasApp.swift; sourceTree = "<group>"; };
		581551462C8CB79800626B3A /* ContentView.swift */ = {isa = PBXFileReference; lastKnownFileType = sourcecode.swift; path = ContentView.swift; sourceTree = "<group>"; };
		581551482C8CB79D00626B3A /* Assets.xcassets */ = {isa = PBXFileReference; lastKnownFileType = folder.assetcatalog; path = Assets.xcassets; sourceTree = "<group>"; };
		5815514B2C8CB79D00626B3A /* Preview Assets.xcassets */ = {isa = PBXFileReference; lastKnownFileType = folder.assetcatalog; path = "Preview Assets.xcassets"; sourceTree = "<group>"; };
		581551512C8CB79E00626B3A /* chucheriasTests.xctest */ = {isa = PBXFileReference; explicitFileType = wrapper.cfbundle; includeInIndex = 0; path = chucheriasTests.xctest; sourceTree = BUILT_PRODUCTS_DIR; };
		581551552C8CB79E00626B3A /* chucheriasTests.swift */ = {isa = PBXFileReference; lastKnownFileType = sourcecode.swift; path = chucheriasTests.swift; sourceTree = "<group>"; };
		5815515B2C8CB79E00626B3A /* chucheriasUITests.xctest */ = {isa = PBXFileReference; explicitFileType = wrapper.cfbundle; includeInIndex = 0; path = chucheriasUITests.xctest; sourceTree = BUILT_PRODUCTS_DIR; };
		5815515F2C8CB79E00626B3A /* chucheriasUITests.swift */ = {isa = PBXFileReference; lastKnownFileType = sourcecode.swift; path = chucheriasUITests.swift; sourceTree = "<group>"; };
		581551612C8CB79E00626B3A /* chucheriasUITestsLaunchTests.swift */ = {isa = PBXFileReference; lastKnownFileType = sourcecode.swift; path = chucheriasUITestsLaunchTests.swift; sourceTree = "<group>"; };
		581551722C8CBDB800626B3A /* Home.swift */ = {isa = PBXFileReference; lastKnownFileType = sourcecode.swift; path = Home.swift; sourceTree = "<group>"; };
		581551752C8CC0FF00626B3A /* CategoryModel.swift */ = {isa = PBXFileReference; lastKnownFileType = sourcecode.swift; path = CategoryModel.swift; sourceTree = "<group>"; };
		581551772C8CCDE600626B3A /* ProductModel.swift */ = {isa = PBXFileReference; lastKnownFileType = sourcecode.swift; path = ProductModel.swift; sourceTree = "<group>"; };
/* End PBXFileReference section */

/* Begin PBXFrameworksBuildPhase section */
		5815513E2C8CB79800626B3A /* Frameworks */ = {
			isa = PBXFrameworksBuildPhase;
			buildActionMask = 2147483647;
			files = (
			);
			runOnlyForDeploymentPostprocessing = 0;
		};
		5815514E2C8CB79E00626B3A /* Frameworks */ = {
			isa = PBXFrameworksBuildPhase;
			buildActionMask = 2147483647;
			files = (
			);
			runOnlyForDeploymentPostprocessing = 0;
		};
		581551582C8CB79E00626B3A /* Frameworks */ = {
			isa = PBXFrameworksBuildPhase;
			buildActionMask = 2147483647;
			files = (
			);
			runOnlyForDeploymentPostprocessing = 0;
		};
/* End PBXFrameworksBuildPhase section */

/* Begin PBXGroup section */
		581551382C8CB79800626B3A = {
			isa = PBXGroup;
			children = (
				581551432C8CB79800626B3A /* chucherias */,
				581551542C8CB79E00626B3A /* chucheriasTests */,
				5815515E2C8CB79E00626B3A /* chucheriasUITests */,
				581551422C8CB79800626B3A /* Products */,
			);
			sourceTree = "<group>";
		};
		581551422C8CB79800626B3A /* Products */ = {
			isa = PBXGroup;
			children = (
				581551412C8CB79800626B3A /* chucherias.app */,
				581551512C8CB79E00626B3A /* chucheriasTests.xctest */,
				5815515B2C8CB79E00626B3A /* chucheriasUITests.xctest */,
			);
			name = Products;
			sourceTree = "<group>";
		};
		581551432C8CB79800626B3A /* chucherias */ = {
			isa = PBXGroup;
			children = (
				581551742C8CC0D200626B3A /* Model */,
				5815516F2C8CBD2200626B3A /* View */,
				581551442C8CB79800626B3A /* chucheriasApp.swift */,
				581551462C8CB79800626B3A /* ContentView.swift */,
				581551482C8CB79D00626B3A /* Assets.xcassets */,
				5815514A2C8CB79D00626B3A /* Preview Content */,
			);
			path = chucherias;
			sourceTree = "<group>";
		};
		5815514A2C8CB79D00626B3A /* Preview Content */ = {
			isa = PBXGroup;
			children = (
				5815514B2C8CB79D00626B3A /* Preview Assets.xcassets */,
			);
			path = "Preview Content";
			sourceTree = "<group>";
		};
		581551542C8CB79E00626B3A /* chucheriasTests */ = {
			isa = PBXGroup;
			children = (
				581551552C8CB79E00626B3A /* chucheriasTests.swift */,
			);
			path = chucheriasTests;
			sourceTree = "<group>";
		};
		5815515E2C8CB79E00626B3A /* chucheriasUITests */ = {
			isa = PBXGroup;
			children = (
				5815515F2C8CB79E00626B3A /* chucheriasUITests.swift */,
				581551612C8CB79E00626B3A /* chucheriasUITestsLaunchTests.swift */,
			);
			path = chucheriasUITests;
			sourceTree = "<group>";
		};
		5815516F2C8CBD2200626B3A /* View */ = {
			isa = PBXGroup;
			children = (
				581551722C8CBDB800626B3A /* Home.swift */,
			);
			path = View;
			sourceTree = "<group>";
		};
		581551742C8CC0D200626B3A /* Model */ = {
			isa = PBXGroup;
			children = (
				581551752C8CC0FF00626B3A /* CategoryModel.swift */,
				581551772C8CCDE600626B3A /* ProductModel.swift */,
			);
			path = Model;
			sourceTree = "<group>";
		};
/* End PBXGroup section */

/* Begin PBXNativeTarget section */
		581551402C8CB79800626B3A /* chucherias */ = {
			isa = PBXNativeTarget;
			buildConfigurationList = 581551652C8CB79E00626B3A /* Build configuration list for PBXNativeTarget "chucherias" */;
			buildPhases = (
				5815513D2C8CB79800626B3A /* Sources */,
				5815513E2C8CB79800626B3A /* Frameworks */,
				5815513F2C8CB79800626B3A /* Resources */,
			);
			buildRules = (
			);
			dependencies = (
			);
			name = chucherias;
			productName = chucherias;
			productReference = 581551412C8CB79800626B3A /* chucherias.app */;
			productType = "com.apple.product-type.application";
		};
		581551502C8CB79E00626B3A /* chucheriasTests */ = {
			isa = PBXNativeTarget;
			buildConfigurationList = 581551682C8CB79E00626B3A /* Build configuration list for PBXNativeTarget "chucheriasTests" */;
			buildPhases = (
				5815514D2C8CB79E00626B3A /* Sources */,
				5815514E2C8CB79E00626B3A /* Frameworks */,
				5815514F2C8CB79E00626B3A /* Resources */,
			);
			buildRules = (
			);
			dependencies = (
				581551532C8CB79E00626B3A /* PBXTargetDependency */,
			);
			name = chucheriasTests;
			productName = chucheriasTests;
			productReference = 581551512C8CB79E00626B3A /* chucheriasTests.xctest */;
			productType = "com.apple.product-type.bundle.unit-test";
		};
		5815515A2C8CB79E00626B3A /* chucheriasUITests */ = {
			isa = PBXNativeTarget;
			buildConfigurationList = 5815516B2C8CB79E00626B3A /* Build configuration list for PBXNativeTarget "chucheriasUITests" */;
			buildPhases = (
				581551572C8CB79E00626B3A /* Sources */,
				581551582C8CB79E00626B3A /* Frameworks */,
				581551592C8CB79E00626B3A /* Resources */,
			);
			buildRules = (
			);
			dependencies = (
				5815515D2C8CB79E00626B3A /* PBXTargetDependency */,
			);
			name = chucheriasUITests;
			productName = chucheriasUITests;
			productReference = 5815515B2C8CB79E00626B3A /* chucheriasUITests.xctest */;
			productType = "com.apple.product-type.bundle.ui-testing";
		};
/* End PBXNativeTarget section */

/* Begin PBXProject section */
		581551392C8CB79800626B3A /* Project object */ = {
			isa = PBXProject;
			attributes = {
				BuildIndependentTargetsInParallel = 1;
				LastSwiftUpdateCheck = 1520;
				LastUpgradeCheck = 1520;
				TargetAttributes = {
					581551402C8CB79800626B3A = {
						CreatedOnToolsVersion = 15.2;
					};
					581551502C8CB79E00626B3A = {
						CreatedOnToolsVersion = 15.2;
						TestTargetID = 581551402C8CB79800626B3A;
					};
					5815515A2C8CB79E00626B3A = {
						CreatedOnToolsVersion = 15.2;
						TestTargetID = 581551402C8CB79800626B3A;
					};
				};
			};
			buildConfigurationList = 5815513C2C8CB79800626B3A /* Build configuration list for PBXProject "chucherias" */;
			compatibilityVersion = "Xcode 14.0";
			developmentRegion = en;
			hasScannedForEncodings = 0;
			knownRegions = (
				en,
				Base,
			);
			mainGroup = 581551382C8CB79800626B3A;
			productRefGroup = 581551422C8CB79800626B3A /* Products */;
			projectDirPath = "";
			projectRoot = "";
			targets = (
				581551402C8CB79800626B3A /* chucherias */,
				581551502C8CB79E00626B3A /* chucheriasTests */,
				5815515A2C8CB79E00626B3A /* chucheriasUITests */,
			);
		};
/* End PBXProject section */

/* Begin PBXResourcesBuildPhase section */
		5815513F2C8CB79800626B3A /* Resources */ = {
			isa = PBXResourcesBuildPhase;
			buildActionMask = 2147483647;
			files = (
				5815514C2C8CB79D00626B3A /* Preview Assets.xcassets in Resources */,
				581551492C8CB79D00626B3A /* Assets.xcassets in Resources */,
			);
			runOnlyForDeploymentPostprocessing = 0;
		};
		5815514F2C8CB79E00626B3A /* Resources */ = {
			isa = PBXResourcesBuildPhase;
			buildActionMask = 2147483647;
			files = (
			);
			runOnlyForDeploymentPostprocessing = 0;
		};
		581551592C8CB79E00626B3A /* Resources */ = {
			isa = PBXResourcesBuildPhase;
			buildActionMask = 2147483647;
			files = (
			);
			runOnlyForDeploymentPostprocessing = 0;
		};
/* End PBXResourcesBuildPhase section */

/* Begin PBXSourcesBuildPhase section */
		5815513D2C8CB79800626B3A /* Sources */ = {
			isa = PBXSourcesBuildPhase;
			buildActionMask = 2147483647;
			files = (
				581551472C8CB79800626B3A /* ContentView.swift in Sources */,
				581551762C8CC0FF00626B3A /* CategoryModel.swift in Sources */,
				581551732C8CBDB800626B3A /* Home.swift in Sources */,
				581551452C8CB79800626B3A /* chucheriasApp.swift in Sources */,
				581551782C8CCDE600626B3A /* ProductModel.swift in Sources */,
			);
			runOnlyForDeploymentPostprocessing = 0;
		};
		5815514D2C8CB79E00626B3A /* Sources */ = {
			isa = PBXSourcesBuildPhase;
			buildActionMask = 2147483647;
			files = (
				581551562C8CB79E00626B3A /* chucheriasTests.swift in Sources */,
			);
			runOnlyForDeploymentPostprocessing = 0;
		};
		581551572C8CB79E00626B3A /* Sources */ = {
			isa = PBXSourcesBuildPhase;
			buildActionMask = 2147483647;
			files = (
				581551602C8CB79E00626B3A /* chucheriasUITests.swift in Sources */,
				581551622C8CB79E00626B3A /* chucheriasUITestsLaunchTests.swift in Sources */,
			);
			runOnlyForDeploymentPostprocessing = 0;
		};
/* End PBXSourcesBuildPhase section */

/* Begin PBXTargetDependency section */
		581551532C8CB79E00626B3A /* PBXTargetDependency */ = {
			isa = PBXTargetDependency;
			target = 581551402C8CB79800626B3A /* chucherias */;
			targetProxy = 581551522C8CB79E00626B3A /* PBXContainerItemProxy */;
		};
		5815515D2C8CB79E00626B3A /* PBXTargetDependency */ = {
			isa = PBXTargetDependency;
			target = 581551402C8CB79800626B3A /* chucherias */;
			targetProxy = 5815515C2C8CB79E00626B3A /* PBXContainerItemProxy */;
		};
/* End PBXTargetDependency section */

/* Begin XCBuildConfiguration section */
		581551632C8CB79E00626B3A /* Debug */ = {
			isa = XCBuildConfiguration;
			buildSettings = {
				ALWAYS_SEARCH_USER_PATHS = NO;
				ASSETCATALOG_COMPILER_GENERATE_SWIFT_ASSET_SYMBOL_EXTENSIONS = YES;
				CLANG_ANALYZER_NONNULL = YES;
				CLANG_ANALYZER_NUMBER_OBJECT_CONVERSION = YES_AGGRESSIVE;
				CLANG_CXX_LANGUAGE_STANDARD = "gnu++20";
				CLANG_ENABLE_MODULES = YES;
				CLANG_ENABLE_OBJC_ARC = YES;
				CLANG_ENABLE_OBJC_WEAK = YES;
				CLANG_WARN_BLOCK_CAPTURE_AUTORELEASING = YES;
				CLANG_WARN_BOOL_CONVERSION = YES;
				CLANG_WARN_COMMA = YES;
				CLANG_WARN_CONSTANT_CONVERSION = YES;
				CLANG_WARN_DEPRECATED_OBJC_IMPLEMENTATIONS = YES;
				CLANG_WARN_DIRECT_OBJC_ISA_USAGE = YES_ERROR;
				CLANG_WARN_DOCUMENTATION_COMMENTS = YES;
				CLANG_WARN_EMPTY_BODY = YES;
				CLANG_WARN_ENUM_CONVERSION = YES;
				CLANG_WARN_INFINITE_RECURSION = YES;
				CLANG_WARN_INT_CONVERSION = YES;
				CLANG_WARN_NON_LITERAL_NULL_CONVERSION = YES;
				CLANG_WARN_OBJC_IMPLICIT_RETAIN_SELF = YES;
				CLANG_WARN_OBJC_LITERAL_CONVERSION = YES;
				CLANG_WARN_OBJC_ROOT_CLASS = YES_ERROR;
				CLANG_WARN_QUOTED_INCLUDE_IN_FRAMEWORK_HEADER = YES;
				CLANG_WARN_RANGE_LOOP_ANALYSIS = YES;
				CLANG_WARN_STRICT_PROTOTYPES = YES;
				CLANG_WARN_SUSPICIOUS_MOVE = YES;
				CLANG_WARN_UNGUARDED_AVAILABILITY = YES_AGGRESSIVE;
				CLANG_WARN_UNREACHABLE_CODE = YES;
				CLANG_WARN__DUPLICATE_METHOD_MATCH = YES;
				COPY_PHASE_STRIP = NO;
				DEBUG_INFORMATION_FORMAT = dwarf;
				ENABLE_STRICT_OBJC_MSGSEND = YES;
				ENABLE_TESTABILITY = YES;
				ENABLE_USER_SCRIPT_SANDBOXING = YES;
				GCC_C_LANGUAGE_STANDARD = gnu17;
				GCC_DYNAMIC_NO_PIC = NO;
				GCC_NO_COMMON_BLOCKS = YES;
				GCC_OPTIMIZATION_LEVEL = 0;
				GCC_PREPROCESSOR_DEFINITIONS = (
					"DEBUG=1",
					"$(inherited)",
				);
				GCC_WARN_64_TO_32_BIT_CONVERSION = YES;
				GCC_WARN_ABOUT_RETURN_TYPE = YES_ERROR;
				GCC_WARN_UNDECLARED_SELECTOR = YES;
				GCC_WARN_UNINITIALIZED_AUTOS = YES_AGGRESSIVE;
				GCC_WARN_UNUSED_FUNCTION = YES;
				GCC_WARN_UNUSED_VARIABLE = YES;
				IPHONEOS_DEPLOYMENT_TARGET = 17.2;
				LOCALIZATION_PREFERS_STRING_CATALOGS = YES;
				MTL_ENABLE_DEBUG_INFO = INCLUDE_SOURCE;
				MTL_FAST_MATH = YES;
				ONLY_ACTIVE_ARCH = YES;
				SDKROOT = iphoneos;
				SWIFT_ACTIVE_COMPILATION_CONDITIONS = "DEBUG $(inherited)";
				SWIFT_OPTIMIZATION_LEVEL = "-Onone";
			};
			name = Debug;
		};
		581551642C8CB79E00626B3A /* Release */ = {
			isa = XCBuildConfiguration;
			buildSettings = {
				ALWAYS_SEARCH_USER_PATHS = NO;
				ASSETCATALOG_COMPILER_GENERATE_SWIFT_ASSET_SYMBOL_EXTENSIONS = YES;
				CLANG_ANALYZER_NONNULL = YES;
				CLANG_ANALYZER_NUMBER_OBJECT_CONVERSION = YES_AGGRESSIVE;
				CLANG_CXX_LANGUAGE_STANDARD = "gnu++20";
				CLANG_ENABLE_MODULES = YES;
				CLANG_ENABLE_OBJC_ARC = YES;
				CLANG_ENABLE_OBJC_WEAK = YES;
				CLANG_WARN_BLOCK_CAPTURE_AUTORELEASING = YES;
				CLANG_WARN_BOOL_CONVERSION = YES;
				CLANG_WARN_COMMA = YES;
				CLANG_WARN_CONSTANT_CONVERSION = YES;
				CLANG_WARN_DEPRECATED_OBJC_IMPLEMENTATIONS = YES;
				CLANG_WARN_DIRECT_OBJC_ISA_USAGE = YES_ERROR;
				CLANG_WARN_DOCUMENTATION_COMMENTS = YES;
				CLANG_WARN_EMPTY_BODY = YES;
				CLANG_WARN_ENUM_CONVERSION = YES;
				CLANG_WARN_INFINITE_RECURSION = YES;
				CLANG_WARN_INT_CONVERSION = YES;
				CLANG_WARN_NON_LITERAL_NULL_CONVERSION = YES;
				CLANG_WARN_OBJC_IMPLICIT_RETAIN_SELF = YES;
				CLANG_WARN_OBJC_LITERAL_CONVERSION = YES;
				CLANG_WARN_OBJC_ROOT_CLASS = YES_ERROR;
				CLANG_WARN_QUOTED_INCLUDE_IN_FRAMEWORK_HEADER = YES;
				CLANG_WARN_RANGE_LOOP_ANALYSIS = YES;
				CLANG_WARN_STRICT_PROTOTYPES = YES;
				CLANG_WARN_SUSPICIOUS_MOVE = YES;
				CLANG_WARN_UNGUARDED_AVAILABILITY = YES_AGGRESSIVE;
				CLANG_WARN_UNREACHABLE_CODE = YES;
				CLANG_WARN__DUPLICATE_METHOD_MATCH = YES;
				COPY_PHASE_STRIP = NO;
				DEBUG_INFORMATION_FORMAT = "dwarf-with-dsym";
				ENABLE_NS_ASSERTIONS = NO;
				ENABLE_STRICT_OBJC_MSGSEND = YES;
				ENABLE_USER_SCRIPT_SANDBOXING = YES;
				GCC_C_LANGUAGE_STANDARD = gnu17;
				GCC_NO_COMMON_BLOCKS = YES;
				GCC_WARN_64_TO_32_BIT_CONVERSION = YES;
				GCC_WARN_ABOUT_RETURN_TYPE = YES_ERROR;
				GCC_WARN_UNDECLARED_SELECTOR = YES;
				GCC_WARN_UNINITIALIZED_AUTOS = YES_AGGRESSIVE;
				GCC_WARN_UNUSED_FUNCTION = YES;
				GCC_WARN_UNUSED_VARIABLE = YES;
				IPHONEOS_DEPLOYMENT_TARGET = 17.2;
				LOCALIZATION_PREFERS_STRING_CATALOGS = YES;
				MTL_ENABLE_DEBUG_INFO = NO;
				MTL_FAST_MATH = YES;
				SDKROOT = iphoneos;
				SWIFT_COMPILATION_MODE = wholemodule;
				VALIDATE_PRODUCT = YES;
			};
			name = Release;
		};
		581551662C8CB79E00626B3A /* Debug */ = {
			isa = XCBuildConfiguration;
			buildSettings = {
				ASSETCATALOG_COMPILER_APPICON_NAME = AppIcon;
				ASSETCATALOG_COMPILER_GLOBAL_ACCENT_COLOR_NAME = AccentColor;
				CODE_SIGN_STYLE = Automatic;
				CURRENT_PROJECT_VERSION = 1;
				DEVELOPMENT_ASSET_PATHS = "\"chucherias/Preview Content\"";
				DEVELOPMENT_TEAM = UFS3PL9G83;
				ENABLE_PREVIEWS = YES;
				GENERATE_INFOPLIST_FILE = YES;
				INFOPLIST_KEY_UIApplicationSceneManifest_Generation = YES;
				INFOPLIST_KEY_UIApplicationSupportsIndirectInputEvents = YES;
				INFOPLIST_KEY_UILaunchScreen_Generation = YES;
				INFOPLIST_KEY_UISupportedInterfaceOrientations_iPad = "UIInterfaceOrientationPortrait UIInterfaceOrientationPortraitUpsideDown UIInterfaceOrientationLandscapeLeft UIInterfaceOrientationLandscapeRight";
				INFOPLIST_KEY_UISupportedInterfaceOrientations_iPhone = "UIInterfaceOrientationPortrait UIInterfaceOrientationLandscapeLeft UIInterfaceOrientationLandscapeRight";
				LD_RUNPATH_SEARCH_PATHS = (
					"$(inherited)",
					"@executable_path/Frameworks",
				);
				MARKETING_VERSION = 1.0;
				PRODUCT_BUNDLE_IDENTIFIER = oobali.chucherias;
				PRODUCT_NAME = "$(TARGET_NAME)";
				SWIFT_EMIT_LOC_STRINGS = YES;
				SWIFT_VERSION = 5.0;
				TARGETED_DEVICE_FAMILY = "1,2";
			};
			name = Debug;
		};
		581551672C8CB79E00626B3A /* Release */ = {
			isa = XCBuildConfiguration;
			buildSettings = {
				ASSETCATALOG_COMPILER_APPICON_NAME = AppIcon;
				ASSETCATALOG_COMPILER_GLOBAL_ACCENT_COLOR_NAME = AccentColor;
				CODE_SIGN_STYLE = Automatic;
				CURRENT_PROJECT_VERSION = 1;
				DEVELOPMENT_ASSET_PATHS = "\"chucherias/Preview Content\"";
				DEVELOPMENT_TEAM = UFS3PL9G83;
				ENABLE_PREVIEWS = YES;
				GENERATE_INFOPLIST_FILE = YES;
				INFOPLIST_KEY_UIApplicationSceneManifest_Generation = YES;
				INFOPLIST_KEY_UIApplicationSupportsIndirectInputEvents = YES;
				INFOPLIST_KEY_UILaunchScreen_Generation = YES;
				INFOPLIST_KEY_UISupportedInterfaceOrientations_iPad = "UIInterfaceOrientationPortrait UIInterfaceOrientationPortraitUpsideDown UIInterfaceOrientationLandscapeLeft UIInterfaceOrientationLandscapeRight";
				INFOPLIST_KEY_UISupportedInterfaceOrientations_iPhone = "UIInterfaceOrientationPortrait UIInterfaceOrientationLandscapeLeft UIInterfaceOrientationLandscapeRight";
				LD_RUNPATH_SEARCH_PATHS = (
					"$(inherited)",
					"@executable_path/Frameworks",
				);
				MARKETING_VERSION = 1.0;
				PRODUCT_BUNDLE_IDENTIFIER = oobali.chucherias;
				PRODUCT_NAME = "$(TARGET_NAME)";
				SWIFT_EMIT_LOC_STRINGS = YES;
				SWIFT_VERSION = 5.0;
				TARGETED_DEVICE_FAMILY = "1,2";
			};
			name = Release;
		};
		581551692C8CB79E00626B3A /* Debug */ = {
			isa = XCBuildConfiguration;
			buildSettings = {
				ALWAYS_EMBED_SWIFT_STANDARD_LIBRARIES = YES;
				BUNDLE_LOADER = "$(TEST_HOST)";
				CODE_SIGN_STYLE = Automatic;
				CURRENT_PROJECT_VERSION = 1;
				DEVELOPMENT_TEAM = UFS3PL9G83;
				GENERATE_INFOPLIST_FILE = YES;
				IPHONEOS_DEPLOYMENT_TARGET = 17.2;
				MARKETING_VERSION = 1.0;
				PRODUCT_BUNDLE_IDENTIFIER = oobali.chucheriasTests;
				PRODUCT_NAME = "$(TARGET_NAME)";
				SWIFT_EMIT_LOC_STRINGS = NO;
				SWIFT_VERSION = 5.0;
				TARGETED_DEVICE_FAMILY = "1,2";
				TEST_HOST = "$(BUILT_PRODUCTS_DIR)/chucherias.app/$(BUNDLE_EXECUTABLE_FOLDER_PATH)/chucherias";
			};
			name = Debug;
		};
		5815516A2C8CB79E00626B3A /* Release */ = {
			isa = XCBuildConfiguration;
			buildSettings = {
				ALWAYS_EMBED_SWIFT_STANDARD_LIBRARIES = YES;
				BUNDLE_LOADER = "$(TEST_HOST)";
				CODE_SIGN_STYLE = Automatic;
				CURRENT_PROJECT_VERSION = 1;
				DEVELOPMENT_TEAM = UFS3PL9G83;
				GENERATE_INFOPLIST_FILE = YES;
				IPHONEOS_DEPLOYMENT_TARGET = 17.2;
				MARKETING_VERSION = 1.0;
				PRODUCT_BUNDLE_IDENTIFIER = oobali.chucheriasTests;
				PRODUCT_NAME = "$(TARGET_NAME)";
				SWIFT_EMIT_LOC_STRINGS = NO;
				SWIFT_VERSION = 5.0;
				TARGETED_DEVICE_FAMILY = "1,2";
				TEST_HOST = "$(BUILT_PRODUCTS_DIR)/chucherias.app/$(BUNDLE_EXECUTABLE_FOLDER_PATH)/chucherias";
			};
			name = Release;
		};
		5815516C2C8CB79E00626B3A /* Debug */ = {
			isa = XCBuildConfiguration;
			buildSettings = {
				ALWAYS_EMBED_SWIFT_STANDARD_LIBRARIES = YES;
				CODE_SIGN_STYLE = Automatic;
				CURRENT_PROJECT_VERSION = 1;
				DEVELOPMENT_TEAM = UFS3PL9G83;
				GENERATE_INFOPLIST_FILE = YES;
				MARKETING_VERSION = 1.0;
				PRODUCT_BUNDLE_IDENTIFIER = oobali.chucheriasUITests;
				PRODUCT_NAME = "$(TARGET_NAME)";
				SWIFT_EMIT_LOC_STRINGS = NO;
				SWIFT_VERSION = 5.0;
				TARGETED_DEVICE_FAMILY = "1,2";
				TEST_TARGET_NAME = chucherias;
			};
			name = Debug;
		};
		5815516D2C8CB79E00626B3A /* Release */ = {
			isa = XCBuildConfiguration;
			buildSettings = {
				ALWAYS_EMBED_SWIFT_STANDARD_LIBRARIES = YES;
				CODE_SIGN_STYLE = Automatic;
				CURRENT_PROJECT_VERSION = 1;
				DEVELOPMENT_TEAM = UFS3PL9G83;
				GENERATE_INFOPLIST_FILE = YES;
				MARKETING_VERSION = 1.0;
				PRODUCT_BUNDLE_IDENTIFIER = oobali.chucheriasUITests;
				PRODUCT_NAME = "$(TARGET_NAME)";
				SWIFT_EMIT_LOC_STRINGS = NO;
				SWIFT_VERSION = 5.0;
				TARGETED_DEVICE_FAMILY = "1,2";
				TEST_TARGET_NAME = chucherias;
			};
			name = Release;
		};
/* End XCBuildConfiguration section */

/* Begin XCConfigurationList section */
		5815513C2C8CB79800626B3A /* Build configuration list for PBXProject "chucherias" */ = {
			isa = XCConfigurationList;
			buildConfigurations = (
				581551632C8CB79E00626B3A /* Debug */,
				581551642C8CB79E00626B3A /* Release */,
			);
			defaultConfigurationIsVisible = 0;
			defaultConfigurationName = Release;
		};
		581551652C8CB79E00626B3A /* Build configuration list for PBXNativeTarget "chucherias" */ = {
			isa = XCConfigurationList;
			buildConfigurations = (
				581551662C8CB79E00626B3A /* Debug */,
				581551672C8CB79E00626B3A /* Release */,
			);
			defaultConfigurationIsVisible = 0;
			defaultConfigurationName = Release;
		};
		581551682C8CB79E00626B3A /* Build configuration list for PBXNativeTarget "chucheriasTests" */ = {
			isa = XCConfigurationList;
			buildConfigurations = (
				581551692C8CB79E00626B3A /* Debug */,
				5815516A2C8CB79E00626B3A /* Release */,
			);
			defaultConfigurationIsVisible = 0;
			defaultConfigurationName = Release;
		};
		5815516B2C8CB79E00626B3A /* Build configuration list for PBXNativeTarget "chucheriasUITests" */ = {
			isa = XCConfigurationList;
			buildConfigurations = (
				5815516C2C8CB79E00626B3A /* Debug */,
				5815516D2C8CB79E00626B3A /* Release */,
			);
			defaultConfigurationIsVisible = 0;
			defaultConfigurationName = Release;
		};
/* End XCConfigurationList section */
	};
	rootObject = 581551392C8CB79800626B3A /* Project object */;
}
